
Microsoft Visual Studio Solution File, Format Version 12.00
# Visual Studio Version 16
VisualStudioVersion = 16.0.31613.86
MinimumVisualStudioVersion = 10.0.40219.1
Project("{8BC9CEB8-8B4A-11D0-8D11-00A0C91BC942}") = "lua_5.2.4_vs2019_prebuilts", "lua_5.2.4_vs2019_prebuilts\lua_5.2.4_vs2019_prebuilts.vcxproj", "{DB36CE4B-4B8B-4D09-A116-6C3236739509}"
EndProject
Global
	GlobalSection(SolutionConfigurationPlatforms) = preSolution
		Debug|x64 = Debug|x64
		Debug|x86 = Debug|x86
		Release|x64 = Release|x64
		Release|x86 = Release|x86
	EndGlobalSection
	GlobalSection(ProjectConfigurationPlatforms) = postSolution
		{DB36CE4B-4B8B-4D09-A116-6C3236739509}.Debug|x64.ActiveCfg = Debug|x64
		{DB36CE4B-4B8B-4D09-A116-6C3236739509}.Debug|x64.Build.0 = Debug|x64
		{DB36CE4B-4B8B-4D09-A116-6C3236739509}.Debug|x86.ActiveCfg = Debug|Win32
		{DB36CE4B-4B8B-4D09-A116-6C3236739509}.Debug|x86.Build.0 = Debug|Win32
		{DB36CE4B-4B8B-4D09-A116-6C3236739509}.Release|x64.ActiveCfg = Release|x64
		{DB36CE4B-4B8B-4D09-A116-6C3236739509}.Release|x64.Build.0 = Release|x64
		{DB36CE4B-4B8B-4D09-A116-6C3236739509}.Release|x86.ActiveCfg = Release|Win32
		{DB36CE4B-4B8B-4D09-A116-6C3236739509}.Release|x86.Build.0 = Release|Win32
	EndGlobalSection
	GlobalSection(SolutionProperties) = preSolution
		HideSolutionNode = FALSE
	EndGlobalSection
	GlobalSection(ExtensibilityGlobals) = postSolution
		SolutionGuid = {5ABA25D9-F1D6-4C0F-85CB-3DEE8DF3BED4}
	EndGlobalSection
EndGlobal
